
Microsoft Visual Studio Solution File, Format Version 12.00
# Visual Studio Version 17
VisualStudioVersion = 17.8.34322.80
MinimumVisualStudioVersion = 10.0.40219.1
Project("{FAE04EC0-301F-11D3-BF4B-00C04F79EFBC}") = "TruckLib.Sii", "TruckLib.Sii\TruckLib.Sii.csproj", "{4D8BD1FB-9978-40A8-9DCF-80ECEDADE7DE}"
EndProject
Project("{FAE04EC0-301F-11D3-BF4B-00C04F79EFBC}") = "TruckLib.Sii.Tests", "TruckLib.Sii.Tests\TruckLib.Sii.Tests.csproj", "{889E3E07-17AE-4858-B3C8-AFAE8A479BE6}"
EndProject
Global
	GlobalSection(SolutionConfigurationPlatforms) = preSolution
		Debug|Any CPU = Debug|Any CPU
		Release|Any CPU = Release|Any CPU
	EndGlobalSection
	GlobalSection(ProjectConfigurationPlatforms) = postSolution
		{4D8BD1FB-9978-40A8-9DCF-80ECEDADE7DE}.Debug|Any CPU.ActiveCfg = Debug|Any CPU
		{4D8BD1FB-9978-40A8-9DCF-80ECEDADE7DE}.Debug|Any CPU.Build.0 = Debug|Any CPU
		{4D8BD1FB-9978-40A8-9DCF-80ECEDADE7DE}.Release|Any CPU.ActiveCfg = Release|Any CPU
		{4D8BD1FB-9978-40A8-9DCF-80ECEDADE7DE}.Release|Any CPU.Build.0 = Release|Any CPU
		{15F3F4FE-294F-4DC6-A817-24413B73AED5}.Debug|Any CPU.ActiveCfg = Debug|Any CPU
		{15F3F4FE-294F-4DC6-A817-24413B73AED5}.Debug|Any CPU.Build.0 = Debug|Any CPU
		{15F3F4FE-294F-4DC6-A817-24413B73AED5}.Release|Any CPU.ActiveCfg = Release|Any CPU
		{15F3F4FE-294F-4DC6-A817-24413B73AED5}.Release|Any CPU.Build.0 = Release|Any CPU
		{889E3E07-17AE-4858-B3C8-AFAE8A479BE6}.Debug|Any CPU.ActiveCfg = Debug|Any CPU
		{889E3E07-17AE-4858-B3C8-AFAE8A479BE6}.Debug|Any CPU.Build.0 = Debug|Any CPU
		{889E3E07-17AE-4858-B3C8-AFAE8A479BE6}.Release|Any CPU.ActiveCfg = Release|Any CPU
		{889E3E07-17AE-4858-B3C8-AFAE8A479BE6}.Release|Any CPU.Build.0 = Release|Any CPU
	EndGlobalSection
	GlobalSection(SolutionProperties) = preSolution
		HideSolutionNode = FALSE
	EndGlobalSection
	GlobalSection(ExtensibilityGlobals) = postSolution
		SolutionGuid = {077BB985-3DF5-4EAC-8AB4-4984947C0F89}
	EndGlobalSection
EndGlobal
